
Microsoft Visual Studio Solution File, Format Version 12.00
# Visual Studio Version 17
VisualStudioVersion = 17.13.35825.156
MinimumVisualStudioVersion = 10.0.40219.1
Project("{FAE04EC0-301F-11D3-BF4B-00C04F79EFBC}") = "Core", "Core\Core.csproj", "{5ED06CAD-956C-C94D-BC0C-E89E30A887C2}"
EndProject
Project("{FAE04EC0-301F-11D3-BF4B-00C04F79EFBC}") = "Server", "Server\Server.csproj", "{3461765F-60A1-21BC-764E-FC799869FE2F}"
EndProject
Project("{FAE04EC0-301F-11D3-BF4B-00C04F79EFBC}") = "Client", "Client\Client.csproj", "{0A350809-2259-4541-A2D5-362AFA25B727}"
EndProject
Project("{FAE04EC0-301F-11D3-BF4B-00C04F79EFBC}") = "Test", "Test\Test.csproj", "{F9F36AFF-B420-4F7F-A92A-5F25E5CB7B32}"
EndProject
Global
	GlobalSection(SolutionConfigurationPlatforms) = preSolution
		Debug|Any CPU = Debug|Any CPU
		Release|Any CPU = Release|Any CPU
	EndGlobalSection
	GlobalSection(ProjectConfigurationPlatforms) = postSolution
		{5ED06CAD-956C-C94D-BC0C-E89E30A887C2}.Debug|Any CPU.ActiveCfg = Debug|Any CPU
		{5ED06CAD-956C-C94D-BC0C-E89E30A887C2}.Debug|Any CPU.Build.0 = Debug|Any CPU
		{5ED06CAD-956C-C94D-BC0C-E89E30A887C2}.Release|Any CPU.ActiveCfg = Release|Any CPU
		{5ED06CAD-956C-C94D-BC0C-E89E30A887C2}.Release|Any CPU.Build.0 = Release|Any CPU
		{3461765F-60A1-21BC-764E-FC799869FE2F}.Debug|Any CPU.ActiveCfg = Debug|Any CPU
		{3461765F-60A1-21BC-764E-FC799869FE2F}.Debug|Any CPU.Build.0 = Debug|Any CPU
		{3461765F-60A1-21BC-764E-FC799869FE2F}.Release|Any CPU.ActiveCfg = Release|Any CPU
		{3461765F-60A1-21BC-764E-FC799869FE2F}.Release|Any CPU.Build.0 = Release|Any CPU
		{0A350809-2259-4541-A2D5-362AFA25B727}.Debug|Any CPU.ActiveCfg = Debug|Any CPU
		{0A350809-2259-4541-A2D5-362AFA25B727}.Debug|Any CPU.Build.0 = Debug|Any CPU
		{0A350809-2259-4541-A2D5-362AFA25B727}.Release|Any CPU.ActiveCfg = Release|Any CPU
		{0A350809-2259-4541-A2D5-362AFA25B727}.Release|Any CPU.Build.0 = Release|Any CPU
		{F9F36AFF-B420-4F7F-A92A-5F25E5CB7B32}.Debug|Any CPU.ActiveCfg = Debug|Any CPU
		{F9F36AFF-B420-4F7F-A92A-5F25E5CB7B32}.Debug|Any CPU.Build.0 = Debug|Any CPU
		{F9F36AFF-B420-4F7F-A92A-5F25E5CB7B32}.Release|Any CPU.ActiveCfg = Release|Any CPU
		{F9F36AFF-B420-4F7F-A92A-5F25E5CB7B32}.Release|Any CPU.Build.0 = Release|Any CPU
	EndGlobalSection
	GlobalSection(SolutionProperties) = preSolution
		HideSolutionNode = FALSE
	EndGlobalSection
	GlobalSection(ExtensibilityGlobals) = postSolution
		SolutionGuid = {51BA4925-072F-40CF-9523-4F3C16FB03E4}
	EndGlobalSection
EndGlobal
